Microsoft Visual Studio Solution File, Format Version 11.00
# Visual Studio 2008

Project("{4446DDF8-9B92-3B7A-6AEB-CB36E6F3163D}") = "ZenjectTest", "Assembly-CSharp.csproj", "{94FA3959-1499-BD5D-DFD5-530303A148A3}"
EndProject
Project("{4446DDF8-9B92-3B7A-6AEB-CB36E6F3163D}") = "ZenjectTest", "Assembly-CSharp-Editor.csproj", "{39FE9F51-8C96-3942-322F-5E6B384B9CC0}"
EndProject
Global
	GlobalSection(SolutionConfigurationPlatforms) = preSolution
		Debug|Any CPU = Debug|Any CPU
		Release|Any CPU = Release|Any CPU
	EndGlobalSection
	GlobalSection(ProjectConfigurationPlatforms) = postSolution
		{94FA3959-1499-BD5D-DFD5-530303A148A3}.Debug|Any CPU.ActiveCfg = Debug|Any CPU
		{94FA3959-1499-BD5D-DFD5-530303A148A3}.Debug|Any CPU.Build.0 = Debug|Any CPU
		{94FA3959-1499-BD5D-DFD5-530303A148A3}.Release|Any CPU.ActiveCfg = Release|Any CPU
		{94FA3959-1499-BD5D-DFD5-530303A148A3}.Release|Any CPU.Build.0 = Release|Any CPU
		{39FE9F51-8C96-3942-322F-5E6B384B9CC0}.Debug|Any CPU.ActiveCfg = Debug|Any CPU
		{39FE9F51-8C96-3942-322F-5E6B384B9CC0}.Debug|Any CPU.Build.0 = Debug|Any CPU
		{39FE9F51-8C96-3942-322F-5E6B384B9CC0}.Release|Any CPU.ActiveCfg = Release|Any CPU
		{39FE9F51-8C96-3942-322F-5E6B384B9CC0}.Release|Any CPU.Build.0 = Release|Any CPU
	EndGlobalSection
	GlobalSection(SolutionProperties) = preSolution
		HideSolutionNode = FALSE
	EndGlobalSection
	GlobalSection(MonoDevelopProperties) = preSolution
		StartupItem = Assembly-CSharp.csproj
	EndGlobalSection
EndGlobal
